
Microsoft Visual Studio Solution File, Format Version 12.00
# Visual Studio Version 16
VisualStudioVersion = 16.0.29911.84
MinimumVisualStudioVersion = 10.0.40219.1
Project("{FAE04EC0-301F-11D3-BF4B-00C04F79EFBC}") = "candy_crusher", "candy_crusher\candy_crusher.csproj", "{9D284562-2268-4576-B01F-DEF531D56A86}"
EndProject
Global
	GlobalSection(SolutionConfigurationPlatforms) = preSolution
		Debug|Any CPU = Debug|Any CPU
		Release|Any CPU = Release|Any CPU
	EndGlobalSection
	GlobalSection(ProjectConfigurationPlatforms) = postSolution
		{9D284562-2268-4576-B01F-DEF531D56A86}.Debug|Any CPU.ActiveCfg = Debug|Any CPU
		{9D284562-2268-4576-B01F-DEF531D56A86}.Debug|Any CPU.Build.0 = Debug|Any CPU
		{9D284562-2268-4576-B01F-DEF531D56A86}.Release|Any CPU.ActiveCfg = Release|Any CPU
		{9D284562-2268-4576-B01F-DEF531D56A86}.Release|Any CPU.Build.0 = Release|Any CPU
	EndGlobalSection
	GlobalSection(SolutionProperties) = preSolution
		HideSolutionNode = FALSE
	EndGlobalSection
	GlobalSection(ExtensibilityGlobals) = postSolution
		SolutionGuid = {4D887060-5DA7-4DC3-9E59-A2880D313529}
	EndGlobalSection
EndGlobal
